
Microsoft Visual Studio Solution File, Format Version 12.00
# Visual Studio 15
VisualStudioVersion = 15.0.28307.329
MinimumVisualStudioVersion = 10.0.40219.1
Project("{FAE04EC0-301F-11D3-BF4B-00C04F79EFBC}") = "FactoryMethod", "FactoryMethod\FactoryMethod.csproj", "{9711F01F-A1ED-4A33-9D43-0C958B81593C}"
EndProject
Project("{FAE04EC0-301F-11D3-BF4B-00C04F79EFBC}") = "AbstractFactoryMethod", "AbstractFactoryMethod\AbstractFactoryMethod.csproj", "{C01D6839-31AD-479E-A530-99D1B66F33AD}"
EndProject
Project("{FAE04EC0-301F-11D3-BF4B-00C04F79EFBC}") = "BuilderMethod", "BuilderMethod\BuilderMethod.csproj", "{6F603973-77F7-47CE-8759-D183F364E57C}"
EndProject
Project("{FAE04EC0-301F-11D3-BF4B-00C04F79EFBC}") = "SinletonDesingPattern", "SinletonDesingPattern\SinletonDesingPattern.csproj", "{21655AF6-D89F-4EE2-AE72-7A3B8A056085}"
EndProject
Project("{FAE04EC0-301F-11D3-BF4B-00C04F79EFBC}") = "PrototypeDesingPattern", "PrototypeDesingPattern\PrototypeDesingPattern.csproj", "{BAC15AE9-DFF8-491D-A177-35138A066076}"
EndProject
Global
	GlobalSection(SolutionConfigurationPlatforms) = preSolution
		Debug|Any CPU = Debug|Any CPU
		Release|Any CPU = Release|Any CPU
	EndGlobalSection
	GlobalSection(ProjectConfigurationPlatforms) = postSolution
		{9711F01F-A1ED-4A33-9D43-0C958B81593C}.Debug|Any CPU.ActiveCfg = Debug|Any CPU
		{9711F01F-A1ED-4A33-9D43-0C958B81593C}.Debug|Any CPU.Build.0 = Debug|Any CPU
		{9711F01F-A1ED-4A33-9D43-0C958B81593C}.Release|Any CPU.ActiveCfg = Release|Any CPU
		{9711F01F-A1ED-4A33-9D43-0C958B81593C}.Release|Any CPU.Build.0 = Release|Any CPU
		{C01D6839-31AD-479E-A530-99D1B66F33AD}.Debug|Any CPU.ActiveCfg = Debug|Any CPU
		{C01D6839-31AD-479E-A530-99D1B66F33AD}.Debug|Any CPU.Build.0 = Debug|Any CPU
		{C01D6839-31AD-479E-A530-99D1B66F33AD}.Release|Any CPU.ActiveCfg = Release|Any CPU
		{C01D6839-31AD-479E-A530-99D1B66F33AD}.Release|Any CPU.Build.0 = Release|Any CPU
		{6F603973-77F7-47CE-8759-D183F364E57C}.Debug|Any CPU.ActiveCfg = Debug|Any CPU
		{6F603973-77F7-47CE-8759-D183F364E57C}.Debug|Any CPU.Build.0 = Debug|Any CPU
		{6F603973-77F7-47CE-8759-D183F364E57C}.Release|Any CPU.ActiveCfg = Release|Any CPU
		{6F603973-77F7-47CE-8759-D183F364E57C}.Release|Any CPU.Build.0 = Release|Any CPU
		{21655AF6-D89F-4EE2-AE72-7A3B8A056085}.Debug|Any CPU.ActiveCfg = Debug|Any CPU
		{21655AF6-D89F-4EE2-AE72-7A3B8A056085}.Debug|Any CPU.Build.0 = Debug|Any CPU
		{21655AF6-D89F-4EE2-AE72-7A3B8A056085}.Release|Any CPU.ActiveCfg = Release|Any CPU
		{21655AF6-D89F-4EE2-AE72-7A3B8A056085}.Release|Any CPU.Build.0 = Release|Any CPU
		{BAC15AE9-DFF8-491D-A177-35138A066076}.Debug|Any CPU.ActiveCfg = Debug|Any CPU
		{BAC15AE9-DFF8-491D-A177-35138A066076}.Debug|Any CPU.Build.0 = Debug|Any CPU
		{BAC15AE9-DFF8-491D-A177-35138A066076}.Release|Any CPU.ActiveCfg = Release|Any CPU
		{BAC15AE9-DFF8-491D-A177-35138A066076}.Release|Any CPU.Build.0 = Release|Any CPU
	EndGlobalSection
	GlobalSection(SolutionProperties) = preSolution
		HideSolutionNode = FALSE
	EndGlobalSection
	GlobalSection(ExtensibilityGlobals) = postSolution
		SolutionGuid = {EC9A1EE9-1BD2-4D8D-B4F4-6A1F0D3BEEB9}
	EndGlobalSection
EndGlobal
